
Microsoft Visual Studio Solution File, Format Version 12.00
# Visual Studio Version 17
VisualStudioVersion = 17.10.35004.147
MinimumVisualStudioVersion = 10.0.40219.1
Project("{FAE04EC0-301F-11D3-BF4B-00C04F79EFBC}") = "AVRAMENKO_453503_Lab5", "AVRAMENKO_453503_Lab5.csproj", "{3C6F4EA3-ECBA-4DB9-B630-888638C8D340}"
EndProject
Project("{FAE04EC0-301F-11D3-BF4B-00C04F79EFBC}") = "AVRAMENKO.DOMAIN", "..\AVRAMENKO.DOMAIN\AVRAMENKO.DOMAIN.csproj", "{7AC16E54-818E-487C-BD04-70561F092620}"
EndProject
Project("{FAE04EC0-301F-11D3-BF4B-00C04F79EFBC}") = "SerializerLib", "..\SerializerLib\SerializerLib.csproj", "{233A6143-7FBD-47FD-9908-B502FB26088F}"
EndProject
Global
	GlobalSection(SolutionConfigurationPlatforms) = preSolution
		Debug|Any CPU = Debug|Any CPU
		Release|Any CPU = Release|Any CPU
	EndGlobalSection
	GlobalSection(ProjectConfigurationPlatforms) = postSolution
		{3C6F4EA3-ECBA-4DB9-B630-888638C8D340}.Debug|Any CPU.ActiveCfg = Debug|Any CPU
		{3C6F4EA3-ECBA-4DB9-B630-888638C8D340}.Debug|Any CPU.Build.0 = Debug|Any CPU
		{3C6F4EA3-ECBA-4DB9-B630-888638C8D340}.Release|Any CPU.ActiveCfg = Release|Any CPU
		{3C6F4EA3-ECBA-4DB9-B630-888638C8D340}.Release|Any CPU.Build.0 = Release|Any CPU
		{7AC16E54-818E-487C-BD04-70561F092620}.Debug|Any CPU.ActiveCfg = Debug|Any CPU
		{7AC16E54-818E-487C-BD04-70561F092620}.Debug|Any CPU.Build.0 = Debug|Any CPU
		{7AC16E54-818E-487C-BD04-70561F092620}.Release|Any CPU.ActiveCfg = Release|Any CPU
		{7AC16E54-818E-487C-BD04-70561F092620}.Release|Any CPU.Build.0 = Release|Any CPU
		{233A6143-7FBD-47FD-9908-B502FB26088F}.Debug|Any CPU.ActiveCfg = Debug|Any CPU
		{233A6143-7FBD-47FD-9908-B502FB26088F}.Debug|Any CPU.Build.0 = Debug|Any CPU
		{233A6143-7FBD-47FD-9908-B502FB26088F}.Release|Any CPU.ActiveCfg = Release|Any CPU
		{233A6143-7FBD-47FD-9908-B502FB26088F}.Release|Any CPU.Build.0 = Release|Any CPU
	EndGlobalSection
	GlobalSection(SolutionProperties) = preSolution
		HideSolutionNode = FALSE
	EndGlobalSection
	GlobalSection(ExtensibilityGlobals) = postSolution
		SolutionGuid = {0D113151-4679-4964-ADA2-5692C3AB69F3}
	EndGlobalSection
EndGlobal
